# @generated - this file is auto-generated by `mise lock` https://mise.en.dev/dev-tools/mise-lock.html

[[tools."aqua:golangci/golangci-lint"]]
version = "2.12.1"
backend = "aqua:golangci/golangci-lint"

[tools."aqua:golangci/golangci-lint"."platforms.linux-arm64"]
checksum = "sha256:23c8e14f42b288d11d46ef52c622e2481d92901edfb263c2cf10875f38d386c4"
url = "https://github.com/golangci/golangci-lint/releases/download/v2.12.1/golangci-lint-2.12.1-linux-arm64.tar.gz"
provenance = "github-attestations"

[tools."aqua:golangci/golangci-lint"."platforms.linux-arm64-musl"]
checksum = "sha256:23c8e14f42b288d11d46ef52c622e2481d92901edfb263c2cf10875f38d386c4"
url = "https://github.com/golangci/golangci-lint/releases/download/v2.12.1/golangci-lint-2.12.1-linux-arm64.tar.gz"
provenance = "github-attestations"

[tools."aqua:golangci/golangci-lint"."platforms.linux-x64"]
checksum = "sha256:82c7932d9aa10c34e22ef56961ac5aad71d4a14806a1a31b06931add2688b368"
url = "https://github.com/golangci/golangci-lint/releases/download/v2.12.1/golangci-lint-2.12.1-linux-amd64.tar.gz"
provenance = "github-attestations"

[tools."aqua:golangci/golangci-lint"."platforms.linux-x64-musl"]
checksum = "sha256:82c7932d9aa10c34e22ef56961ac5aad71d4a14806a1a31b06931add2688b368"
url = "https://github.com/golangci/golangci-lint/releases/download/v2.12.1/golangci-lint-2.12.1-linux-amd64.tar.gz"
provenance = "github-attestations"

[tools."aqua:golangci/golangci-lint"."platforms.macos-arm64"]
checksum = "sha256:393a64ef9b75a5b6c8c8bf8895b8d8208790e6690a43de19a12f3f8bc0e9ad52"
url = "https://github.com/golangci/golangci-lint/releases/download/v2.12.1/golangci-lint-2.12.1-darwin-arm64.tar.gz"
provenance = "github-attestations"

[tools."aqua:golangci/golangci-lint"."platforms.macos-x64"]
checksum = "sha256:26a9508ee6d35e89201145b94261d7b55d779474c57677a7bba8b1f12f59309f"
url = "https://github.com/golangci/golangci-lint/releases/download/v2.12.1/golangci-lint-2.12.1-darwin-amd64.tar.gz"
provenance = "github-attestations"

[tools."aqua:golangci/golangci-lint"."platforms.windows-x64"]
checksum = "sha256:2b2f837b2a7b91787ecb9b7493bdeae801e9f84e6588984b2c33c34dc2956478"
url = "https://github.com/golangci/golangci-lint/releases/download/v2.12.1/golangci-lint-2.12.1-windows-amd64.zip"
provenance = "github-attestations"

[[tools.go]]
version = "1.26.2"
backend = "core:go"

[tools.go."platforms.linux-arm64"]
checksum = "sha256:c958a1fe1b361391db163a485e21f5f228142d6f8b584f6bef89b26f66dc5b23"
url = "https://dl.google.com/go/go1.26.2.linux-arm64.tar.gz"

[tools.go."platforms.linux-arm64-musl"]
checksum = "sha256:c958a1fe1b361391db163a485e21f5f228142d6f8b584f6bef89b26f66dc5b23"
url = "https://dl.google.com/go/go1.26.2.linux-arm64.tar.gz"

[tools.go."platforms.linux-x64"]
checksum = "sha256:990e6b4bbba816dc3ee129eaeaf4b42f17c2800b88a2166c265ac1a200262282"
url = "https://dl.google.com/go/go1.26.2.linux-amd64.tar.gz"

[tools.go."platforms.linux-x64-musl"]
checksum = "sha256:990e6b4bbba816dc3ee129eaeaf4b42f17c2800b88a2166c265ac1a200262282"
url = "https://dl.google.com/go/go1.26.2.linux-amd64.tar.gz"

[tools.go."platforms.macos-arm64"]
checksum = "sha256:32af1522bf3e3ff3975864780a429cc0b41d190ec7bf90faa661d6d64566e7af"
url = "https://dl.google.com/go/go1.26.2.darwin-arm64.tar.gz"

[tools.go."platforms.macos-x64"]
checksum = "sha256:bc3f1500d9968c36d705442d90ba91addf9271665033748b82532682e90a7966"
url = "https://dl.google.com/go/go1.26.2.darwin-amd64.tar.gz"

[tools.go."platforms.windows-x64"]
checksum = "sha256:98eb3570bade15cb826b0909338df6cc6d2cf590bc39c471142002db3832b708"
url = "https://dl.google.com/go/go1.26.2.windows-amd64.zip"

[[tools."ubi:miniscruff/changie"]]
version = "1.24.0"
backend = "ubi:miniscruff/changie"
